
Microsoft Visual Studio Solution File, Format Version 12.00
# Visual Studio Version 17
VisualStudioVersion = 17.10.35013.160
MinimumVisualStudioVersion = 10.0.40219.1
Project("{2150E333-8FDC-42A3-9474-1A3956D46DE8}") = "Serivces", "Serivces", "{E09C92EE-3679-4339-91BE-3872DBE1910E}"
EndProject
Project("{2150E333-8FDC-42A3-9474-1A3956D46DE8}") = "Catalog", "Catalog", "{F9F8D3CD-9200-4A53-9AA2-35980C5B6096}"
EndProject
Project("{9A19103F-16F7-4668-BE54-9A1E7A4F7556}") = "Catalog.API", "Services\Catalog\Catalog.API\Catalog.API.csproj", "{B2BD21D7-7B25-4261-BB3D-B9045E832B11}"
EndProject
Project("{2150E333-8FDC-42A3-9474-1A3956D46DE8}") = "BuildingBlocks", "BuildingBlocks", "{203EB879-2398-4383-86BF-2785AAC8B236}"
EndProject
Project("{9A19103F-16F7-4668-BE54-9A1E7A4F7556}") = "BuildingBlocks", "BuildingBlocks\BuildingBlocks\BuildingBlocks.csproj", "{3DACD1F6-BD91-43E8-BEEF-3490A6944FD5}"
EndProject
Project("{E53339B2-1760-4266-BCC7-CA923CBCF16C}") = "docker-compose", "docker-compose.dcproj", "{9CC51829-BD12-4984-82F6-F8D6188C817F}"
EndProject
Project("{2150E333-8FDC-42A3-9474-1A3956D46DE8}") = "Basket", "Basket", "{5CEDE266-B7FB-490A-9356-47707730EEF9}"
EndProject
Project("{9A19103F-16F7-4668-BE54-9A1E7A4F7556}") = "Basket.API", "Services\Basket\Basket.API\Basket.API.csproj", "{A1D0FE8C-1E97-4F0D-990D-973EF1A2B8CF}"
EndProject
Project("{2150E333-8FDC-42A3-9474-1A3956D46DE8}") = "Discount", "Discount", "{8A3EDED0-A758-457B-ABB3-EA7CD60CED2E}"
EndProject
Project("{9A19103F-16F7-4668-BE54-9A1E7A4F7556}") = "Discount.gRPC", "Services\Discount\Discount.gRPC\Discount.gRPC.csproj", "{D68CADCA-A328-4BD3-84F8-45FEE93FB106}"
EndProject
Project("{2150E333-8FDC-42A3-9474-1A3956D46DE8}") = "Ordering", "Ordering", "{9F25356B-FC90-4887-AEBD-24E5F87B7641}"
EndProject
Project("{9A19103F-16F7-4668-BE54-9A1E7A4F7556}") = "Ordering.Application", "Services\Ordering\Ordering.Application\Ordering.Application.csproj", "{DBCA1D5E-1CA1-4F1E-A4F5-F6B0AC8D1294}"
EndProject
Project("{9A19103F-16F7-4668-BE54-9A1E7A4F7556}") = "Ordering.Domain", "Services\Ordering\Ordering.Domain\Ordering.Domain.csproj", "{E37C4ABD-6F77-414C-A78D-BA546FA6A53B}"
EndProject
Project("{9A19103F-16F7-4668-BE54-9A1E7A4F7556}") = "Ordering.Infrastructure", "Services\Ordering\Ordering.Infrastructure\Ordering.Infrastructure.csproj", "{937272DD-DB1F-4FFC-8A3F-61C90F1FC9A5}"
EndProject
Project("{9A19103F-16F7-4668-BE54-9A1E7A4F7556}") = "Ordering.API", "Services\Ordering\Ordering.API\Ordering.API\Ordering.API.csproj", "{5D2212BB-6980-4193-84C4-884E0884112C}"
EndProject
Project("{FAE04EC0-301F-11D3-BF4B-00C04F79EFBC}") = "BuildingBlocks.Messging", "BuildingBlocks\BuildingBlocks.Messging\BuildingBlocks.Messging.csproj", "{3F7213F1-1F10-4D86-B3CC-27C6D2B666E6}"
EndProject
Global
	GlobalSection(SolutionConfigurationPlatforms) = preSolution
		Debug|Any CPU = Debug|Any CPU
		Release|Any CPU = Release|Any CPU
	EndGlobalSection
	GlobalSection(ProjectConfigurationPlatforms) = postSolution
		{B2BD21D7-7B25-4261-BB3D-B9045E832B11}.Debug|Any CPU.ActiveCfg = Debug|Any CPU
		{B2BD21D7-7B25-4261-BB3D-B9045E832B11}.Debug|Any CPU.Build.0 = Debug|Any CPU
		{B2BD21D7-7B25-4261-BB3D-B9045E832B11}.Release|Any CPU.ActiveCfg = Release|Any CPU
		{B2BD21D7-7B25-4261-BB3D-B9045E832B11}.Release|Any CPU.Build.0 = Release|Any CPU
		{3DACD1F6-BD91-43E8-BEEF-3490A6944FD5}.Debug|Any CPU.ActiveCfg = Debug|Any CPU
		{3DACD1F6-BD91-43E8-BEEF-3490A6944FD5}.Debug|Any CPU.Build.0 = Debug|Any CPU
		{3DACD1F6-BD91-43E8-BEEF-3490A6944FD5}.Release|Any CPU.ActiveCfg = Release|Any CPU
		{3DACD1F6-BD91-43E8-BEEF-3490A6944FD5}.Release|Any CPU.Build.0 = Release|Any CPU
		{9CC51829-BD12-4984-82F6-F8D6188C817F}.Debug|Any CPU.ActiveCfg = Debug|Any CPU
		{9CC51829-BD12-4984-82F6-F8D6188C817F}.Debug|Any CPU.Build.0 = Debug|Any CPU
		{9CC51829-BD12-4984-82F6-F8D6188C817F}.Release|Any CPU.ActiveCfg = Release|Any CPU
		{9CC51829-BD12-4984-82F6-F8D6188C817F}.Release|Any CPU.Build.0 = Release|Any CPU
		{A1D0FE8C-1E97-4F0D-990D-973EF1A2B8CF}.Debug|Any CPU.ActiveCfg = Debug|Any CPU
		{A1D0FE8C-1E97-4F0D-990D-973EF1A2B8CF}.Debug|Any CPU.Build.0 = Debug|Any CPU
		{A1D0FE8C-1E97-4F0D-990D-973EF1A2B8CF}.Release|Any CPU.ActiveCfg = Release|Any CPU
		{A1D0FE8C-1E97-4F0D-990D-973EF1A2B8CF}.Release|Any CPU.Build.0 = Release|Any CPU
		{D68CADCA-A328-4BD3-84F8-45FEE93FB106}.Debug|Any CPU.ActiveCfg = Debug|Any CPU
		{D68CADCA-A328-4BD3-84F8-45FEE93FB106}.Debug|Any CPU.Build.0 = Debug|Any CPU
		{D68CADCA-A328-4BD3-84F8-45FEE93FB106}.Release|Any CPU.ActiveCfg = Release|Any CPU
		{D68CADCA-A328-4BD3-84F8-45FEE93FB106}.Release|Any CPU.Build.0 = Release|Any CPU
		{DBCA1D5E-1CA1-4F1E-A4F5-F6B0AC8D1294}.Debug|Any CPU.ActiveCfg = Debug|Any CPU
		{DBCA1D5E-1CA1-4F1E-A4F5-F6B0AC8D1294}.Debug|Any CPU.Build.0 = Debug|Any CPU
		{DBCA1D5E-1CA1-4F1E-A4F5-F6B0AC8D1294}.Release|Any CPU.ActiveCfg = Release|Any CPU
		{DBCA1D5E-1CA1-4F1E-A4F5-F6B0AC8D1294}.Release|Any CPU.Build.0 = Release|Any CPU
		{E37C4ABD-6F77-414C-A78D-BA546FA6A53B}.Debug|Any CPU.ActiveCfg = Debug|Any CPU
		{E37C4ABD-6F77-414C-A78D-BA546FA6A53B}.Debug|Any CPU.Build.0 = Debug|Any CPU
		{E37C4ABD-6F77-414C-A78D-BA546FA6A53B}.Release|Any CPU.ActiveCfg = Release|Any CPU
		{E37C4ABD-6F77-414C-A78D-BA546FA6A53B}.Release|Any CPU.Build.0 = Release|Any CPU
		{937272DD-DB1F-4FFC-8A3F-61C90F1FC9A5}.Debug|Any CPU.ActiveCfg = Debug|Any CPU
		{937272DD-DB1F-4FFC-8A3F-61C90F1FC9A5}.Debug|Any CPU.Build.0 = Debug|Any CPU
		{937272DD-DB1F-4FFC-8A3F-61C90F1FC9A5}.Release|Any CPU.ActiveCfg = Release|Any CPU
		{937272DD-DB1F-4FFC-8A3F-61C90F1FC9A5}.Release|Any CPU.Build.0 = Release|Any CPU
		{5D2212BB-6980-4193-84C4-884E0884112C}.Debug|Any CPU.ActiveCfg = Debug|Any CPU
		{5D2212BB-6980-4193-84C4-884E0884112C}.Debug|Any CPU.Build.0 = Debug|Any CPU
		{5D2212BB-6980-4193-84C4-884E0884112C}.Release|Any CPU.ActiveCfg = Release|Any CPU
		{5D2212BB-6980-4193-84C4-884E0884112C}.Release|Any CPU.Build.0 = Release|Any CPU
		{3F7213F1-1F10-4D86-B3CC-27C6D2B666E6}.Debug|Any CPU.ActiveCfg = Debug|Any CPU
		{3F7213F1-1F10-4D86-B3CC-27C6D2B666E6}.Debug|Any CPU.Build.0 = Debug|Any CPU
		{3F7213F1-1F10-4D86-B3CC-27C6D2B666E6}.Release|Any CPU.ActiveCfg = Release|Any CPU
		{3F7213F1-1F10-4D86-B3CC-27C6D2B666E6}.Release|Any CPU.Build.0 = Release|Any CPU
	EndGlobalSection
	GlobalSection(SolutionProperties) = preSolution
		HideSolutionNode = FALSE
	EndGlobalSection
	GlobalSection(NestedProjects) = preSolution
		{F9F8D3CD-9200-4A53-9AA2-35980C5B6096} = {E09C92EE-3679-4339-91BE-3872DBE1910E}
		{B2BD21D7-7B25-4261-BB3D-B9045E832B11} = {F9F8D3CD-9200-4A53-9AA2-35980C5B6096}
		{3DACD1F6-BD91-43E8-BEEF-3490A6944FD5} = {203EB879-2398-4383-86BF-2785AAC8B236}
		{5CEDE266-B7FB-490A-9356-47707730EEF9} = {E09C92EE-3679-4339-91BE-3872DBE1910E}
		{A1D0FE8C-1E97-4F0D-990D-973EF1A2B8CF} = {5CEDE266-B7FB-490A-9356-47707730EEF9}
		{8A3EDED0-A758-457B-ABB3-EA7CD60CED2E} = {E09C92EE-3679-4339-91BE-3872DBE1910E}
		{D68CADCA-A328-4BD3-84F8-45FEE93FB106} = {8A3EDED0-A758-457B-ABB3-EA7CD60CED2E}
		{9F25356B-FC90-4887-AEBD-24E5F87B7641} = {E09C92EE-3679-4339-91BE-3872DBE1910E}
		{DBCA1D5E-1CA1-4F1E-A4F5-F6B0AC8D1294} = {9F25356B-FC90-4887-AEBD-24E5F87B7641}
		{E37C4ABD-6F77-414C-A78D-BA546FA6A53B} = {9F25356B-FC90-4887-AEBD-24E5F87B7641}
		{937272DD-DB1F-4FFC-8A3F-61C90F1FC9A5} = {9F25356B-FC90-4887-AEBD-24E5F87B7641}
		{5D2212BB-6980-4193-84C4-884E0884112C} = {9F25356B-FC90-4887-AEBD-24E5F87B7641}
		{3F7213F1-1F10-4D86-B3CC-27C6D2B666E6} = {203EB879-2398-4383-86BF-2785AAC8B236}
	EndGlobalSection
	GlobalSection(ExtensibilityGlobals) = postSolution
		SolutionGuid = {345FB1A8-B145-4B2F-8E94-1C1040EB2F29}
	EndGlobalSection
EndGlobal
